
Microsoft Visual Studio Solution File, Format Version 12.00
# Visual Studio Version 16
VisualStudioVersion = 16.0.34601.136
MinimumVisualStudioVersion = 10.0.40219.1
Project("{FAE04EC0-301F-11D3-BF4B-00C04F79EFBC}") = "AutoSplitters", "AutoSplitters\AutoSplitters.csproj", "{E1C8C8BB-818A-4229-80CC-CB9DB6562095}"
EndProject
Global
	GlobalSection(SolutionConfigurationPlatforms) = preSolution
		Debug|Any CPU = Debug|Any CPU
		Release|Any CPU = Release|Any CPU
	EndGlobalSection
	GlobalSection(ProjectConfigurationPlatforms) = postSolution
		{E1C8C8BB-818A-4229-80CC-CB9DB6562095}.Debug|Any CPU.ActiveCfg = Debug|Any CPU
		{E1C8C8BB-818A-4229-80CC-CB9DB6562095}.Debug|Any CPU.Build.0 = Debug|Any CPU
		{E1C8C8BB-818A-4229-80CC-CB9DB6562095}.Release|Any CPU.ActiveCfg = Release|Any CPU
		{E1C8C8BB-818A-4229-80CC-CB9DB6562095}.Release|Any CPU.Build.0 = Release|Any CPU
	EndGlobalSection
	GlobalSection(SolutionProperties) = preSolution
		HideSolutionNode = FALSE
	EndGlobalSection
	GlobalSection(ExtensibilityGlobals) = postSolution
		SolutionGuid = {FADE8B96-4FEA-4333-B058-12FA3161CA66}
	EndGlobalSection
EndGlobal
